
Microsoft Visual Studio Solution File, Format Version 12.00
# Visual Studio Version 17
VisualStudioVersion = 17.1.32228.430
MinimumVisualStudioVersion = 10.0.40219.1
Project("{9A19103F-16F7-4668-BE54-9A1E7A4F7556}") = "API", "API\API.csproj", "{1076EFF2-9933-4648-8FD2-73EAC350AB19}"
EndProject
Project("{9A19103F-16F7-4668-BE54-9A1E7A4F7556}") = "Application", "Application\Application.csproj", "{C79A7529-41F1-4504-8CF6-52569619211A}"
EndProject
Project("{9A19103F-16F7-4668-BE54-9A1E7A4F7556}") = "Domain", "Domain\Domain.csproj", "{926FA071-7B8C-439B-9238-800D600B5420}"
EndProject
Project("{9A19103F-16F7-4668-BE54-9A1E7A4F7556}") = "Infrastructure", "Infrastructure\Infrastructure.csproj", "{5C5E6F18-712E-4ABC-BBAD-0C29A93FCBBE}"
EndProject
Global
	GlobalSection(SolutionConfigurationPlatforms) = preSolution
		Debug|Any CPU = Debug|Any CPU
		Release|Any CPU = Release|Any CPU
	EndGlobalSection
	GlobalSection(ProjectConfigurationPlatforms) = postSolution
		{1076EFF2-9933-4648-8FD2-73EAC350AB19}.Debug|Any CPU.ActiveCfg = Debug|Any CPU
		{1076EFF2-9933-4648-8FD2-73EAC350AB19}.Debug|Any CPU.Build.0 = Debug|Any CPU
		{1076EFF2-9933-4648-8FD2-73EAC350AB19}.Release|Any CPU.ActiveCfg = Release|Any CPU
		{1076EFF2-9933-4648-8FD2-73EAC350AB19}.Release|Any CPU.Build.0 = Release|Any CPU
		{C79A7529-41F1-4504-8CF6-52569619211A}.Debug|Any CPU.ActiveCfg = Debug|Any CPU
		{C79A7529-41F1-4504-8CF6-52569619211A}.Debug|Any CPU.Build.0 = Debug|Any CPU
		{C79A7529-41F1-4504-8CF6-52569619211A}.Release|Any CPU.ActiveCfg = Release|Any CPU
		{C79A7529-41F1-4504-8CF6-52569619211A}.Release|Any CPU.Build.0 = Release|Any CPU
		{926FA071-7B8C-439B-9238-800D600B5420}.Debug|Any CPU.ActiveCfg = Debug|Any CPU
		{926FA071-7B8C-439B-9238-800D600B5420}.Debug|Any CPU.Build.0 = Debug|Any CPU
		{926FA071-7B8C-439B-9238-800D600B5420}.Release|Any CPU.ActiveCfg = Release|Any CPU
		{926FA071-7B8C-439B-9238-800D600B5420}.Release|Any CPU.Build.0 = Release|Any CPU
		{5C5E6F18-712E-4ABC-BBAD-0C29A93FCBBE}.Debug|Any CPU.ActiveCfg = Debug|Any CPU
		{5C5E6F18-712E-4ABC-BBAD-0C29A93FCBBE}.Debug|Any CPU.Build.0 = Debug|Any CPU
		{5C5E6F18-712E-4ABC-BBAD-0C29A93FCBBE}.Release|Any CPU.ActiveCfg = Release|Any CPU
		{5C5E6F18-712E-4ABC-BBAD-0C29A93FCBBE}.Release|Any CPU.Build.0 = Release|Any CPU
	EndGlobalSection
	GlobalSection(SolutionProperties) = preSolution
		HideSolutionNode = FALSE
	EndGlobalSection
	GlobalSection(ExtensibilityGlobals) = postSolution
		SolutionGuid = {454C2AC7-15E0-4F7A-9DB5-F01C7DABC2E3}
	EndGlobalSection
EndGlobal
